// !$*UTF8*$!
{
	archiveVersion = 1;
	classes = {
	};
	objectVersion = 46;
	objects = {

/* Begin PBXBuildFile section */
		234033CE679AE6B338FD0AAE /* Pods_MinxReviewTests.framework in Frameworks */ = {isa = PBXBuildFile; fileRef = BD705E57D487B5DF75B56D42 /* Pods_MinxReviewTests.framework */; };
		52D75BA8DBFFCB308A8BD52E /* Pods_MinxReviewUITests.framework in Frameworks */ = {isa = PBXBuildFile; fileRef = 77DEE923E6C8A09E985B8476 /* Pods_MinxReviewUITests.framework */; };
		5D666E17E0B771E037DF17FB /* Pods_MinxReview.framework in Frameworks */ = {isa = PBXBuildFile; fileRef = 0871AC222D6428BB91F6D083 /* Pods_MinxReview.framework */; };
		A308C6731CF1BBD500D46FF9 /* SystemConfiguration.framework in Frameworks */ = {isa = PBXBuildFile; fileRef = A308C6721CF1BBD500D46FF9 /* SystemConfiguration.framework */; };
		A308C6751CF1BBDD00D46FF9 /* MobileCoreServices.framework in Frameworks */ = {isa = PBXBuildFile; fileRef = A308C6741CF1BBDD00D46FF9 /* MobileCoreServices.framework */; };
		A38FFE581CF1CCA000998911 /* Kumulos_ARMv7-Combined.a in Frameworks */ = {isa = PBXBuildFile; fileRef = A38FFE541CF1CCA000998911 /* Kumulos_ARMv7-Combined.a */; };
		A38FFE591CF1CCA000998911 /* Kumulos.m in Sources */ = {isa = PBXBuildFile; fileRef = A38FFE561CF1CCA000998911 /* Kumulos.m */; };
		A3FD29531CF1995400554BCD /* AppDelegate.swift in Sources */ = {isa = PBXBuildFile; fileRef = A3FD29521CF1995400554BCD /* AppDelegate.swift */; };
		A3FD29551CF1995400554BCD /* ViewController.swift in Sources */ = {isa = PBXBuildFile; fileRef = A3FD29541CF1995400554BCD /* ViewController.swift */; };
		A3FD29581CF1995400554BCD /* Main.storyboard in Resources */ = {isa = PBXBuildFile; fileRef = A3FD29561CF1995400554BCD /* Main.storyboard */; };
		A3FD295A1CF1995400554BCD /* Assets.xcassets in Resources */ = {isa = PBXBuildFile; fileRef = A3FD29591CF1995400554BCD /* Assets.xcassets */; };
		A3FD295D1CF1995400554BCD /* LaunchScreen.storyboard in Resources */ = {isa = PBXBuildFile; fileRef = A3FD295B1CF1995400554BCD /* LaunchScreen.storyboard */; };
		A3FD29681CF1995400554BCD /* MinxReviewTests.swift in Sources */ = {isa = PBXBuildFile; fileRef = A3FD29671CF1995400554BCD /* MinxReviewTests.swift */; };
		A3FD29731CF1995500554BCD /* MinxReviewUITests.swift in Sources */ = {isa = PBXBuildFile; fileRef = A3FD29721CF1995500554BCD /* MinxReviewUITests.swift */; };
		A3FD298C1CF19D4F00554BCD /* HomeViewController.swift in Sources */ = {isa = PBXBuildFile; fileRef = A3FD29831CF19D4F00554BCD /* HomeViewController.swift */; };
		A3FD298D1CF19D4F00554BCD /* LogoutViewController.swift in Sources */ = {isa = PBXBuildFile; fileRef = A3FD29841CF19D4F00554BCD /* LogoutViewController.swift */; };
		A3FD298F1CF19D4F00554BCD /* SearchViewController.swift in Sources */ = {isa = PBXBuildFile; fileRef = A3FD29861CF19D4F00554BCD /* SearchViewController.swift */; };
		A3FD29901CF19D4F00554BCD /* ShoesReviewViewController.swift in Sources */ = {isa = PBXBuildFile; fileRef = A3FD29871CF19D4F00554BCD /* ShoesReviewViewController.swift */; };
		A3FD29911CF19D4F00554BCD /* ChangePasswordViewController.swift in Sources */ = {isa = PBXBuildFile; fileRef = A3FD29891CF19D4F00554BCD /* ChangePasswordViewController.swift */; };
		A3FD29921CF19D4F00554BCD /* LoginViewController.swift in Sources */ = {isa = PBXBuildFile; fileRef = A3FD298A1CF19D4F00554BCD /* LoginViewController.swift */; };
		A3FD29931CF19D4F00554BCD /* RegisterViewController.swift in Sources */ = {isa = PBXBuildFile; fileRef = A3FD298B1CF19D4F00554BCD /* RegisterViewController.swift */; };
/* End PBXBuildFile section */

/* Begin PBXContainerItemProxy section */
		A3FD29641CF1995400554BCD /* PBXContainerItemProxy */ = {
			isa = PBXContainerItemProxy;
			containerPortal = A3FD29471CF1995400554BCD /* Project object */;
			proxyType = 1;
			remoteGlobalIDString = A3FD294E1CF1995400554BCD;
			remoteInfo = MinxReview;
		};
		A3FD296F1CF1995500554BCD /* PBXContainerItemProxy */ = {
			isa = PBXContainerItemProxy;
			containerPortal = A3FD29471CF1995400554BCD /* Project object */;
			proxyType = 1;
			remoteGlobalIDString = A3FD294E1CF1995400554BCD;
			remoteInfo = MinxReview;
		};
/* End PBXContainerItemProxy section */

/* Begin PBXFileReference section */
		01F7DE17F9053CC5D33D6751 /* Pods-MinxReview.release.xcconfig */ = {isa = PBXFileReference; includeInIndex = 1; lastKnownFileType = text.xcconfig; name = "Pods-MinxReview.release.xcconfig"; path = "Pods/Target Support Files/Pods-MinxReview/Pods-MinxReview.release.xcconfig"; sourceTree = "<group>"; };
		0871AC222D6428BB91F6D083 /* Pods_MinxReview.framework */ = {isa = PBXFileReference; explicitFileType = wrapper.framework; includeInIndex = 0; path = Pods_MinxReview.framework; sourceTree = BUILT_PRODUCTS_DIR; };
		26F4EB4831FBBD98465BEA8A /* Pods-MinxReviewTests.release.xcconfig */ = {isa = PBXFileReference; includeInIndex = 1; lastKnownFileType = text.xcconfig; name = "Pods-MinxReviewTests.release.xcconfig"; path = "Pods/Target Support Files/Pods-MinxReviewTests/Pods-MinxReviewTests.release.xcconfig"; sourceTree = "<group>"; };
		494045438A648B58E91F11E1 /* Pods-MinxReviewUITests.debug.xcconfig */ = {isa = PBXFileReference; includeInIndex = 1; lastKnownFileType = text.xcconfig; name = "Pods-MinxReviewUITests.debug.xcconfig"; path = "Pods/Target Support Files/Pods-MinxReviewUITests/Pods-MinxReviewUITests.debug.xcconfig"; sourceTree = "<group>"; };
		4AD0DC0DA7FD56B359BCF59E /* Pods-MinxReviewTests.debug.xcconfig */ = {isa = PBXFileReference; includeInIndex = 1; lastKnownFileType = text.xcconfig; name = "Pods-MinxReviewTests.debug.xcconfig"; path = "Pods/Target Support Files/Pods-MinxReviewTests/Pods-MinxReviewTests.debug.xcconfig"; sourceTree = "<group>"; };
		77DEE923E6C8A09E985B8476 /* Pods_MinxReviewUITests.framework */ = {isa = PBXFileReference; explicitFileType = wrapper.framework; includeInIndex = 0; path = Pods_MinxReviewUITests.framework; sourceTree = BUILT_PRODUCTS_DIR; };
		A308C6721CF1BBD500D46FF9 /* SystemConfiguration.framework */ = {isa = PBXFileReference; lastKnownFileType = wrapper.framework; name = SystemConfiguration.framework; path = System/Library/Frameworks/SystemConfiguration.framework; sourceTree = SDKROOT; };
		A308C6741CF1BBDD00D46FF9 /* MobileCoreServices.framework */ = {isa = PBXFileReference; lastKnownFileType = wrapper.framework; name = MobileCoreServices.framework; path = System/Library/Frameworks/MobileCoreServices.framework; sourceTree = SDKROOT; };
		A38FFE531CF1CC9F00998911 /* MinxReview-Bridging-Header.h */ = {isa = PBXFileReference; lastKnownFileType = sourcecode.c.h; path = "MinxReview-Bridging-Header.h"; sourceTree = "<group>"; };
		A38FFE541CF1CCA000998911 /* Kumulos_ARMv7-Combined.a */ = {isa = PBXFileReference; lastKnownFileType = archive.ar; path = "Kumulos_ARMv7-Combined.a"; sourceTree = "<group>"; };
		A38FFE551CF1CCA000998911 /* Kumulos.h */ = {isa = PBXFileReference; fileEncoding = 4; lastKnownFileType = sourcecode.c.h; path = Kumulos.h; sourceTree = "<group>"; };
		A38FFE561CF1CCA000998911 /* Kumulos.m */ = {isa = PBXFileReference; fileEncoding = 4; lastKnownFileType = sourcecode.c.objc; path = Kumulos.m; sourceTree = "<group>"; };
		A38FFE571CF1CCA000998911 /* libKumulos.h */ = {isa = PBXFileReference; fileEncoding = 4; lastKnownFileType = sourcecode.c.h; path = libKumulos.h; sourceTree = "<group>"; };
		A3FD294F1CF1995400554BCD /* MinxReview.app */ = {isa = PBXFileReference; explicitFileType = wrapper.application; includeInIndex = 0; path = MinxReview.app; sourceTree = BUILT_PRODUCTS_DIR; };
		A3FD29521CF1995400554BCD /* AppDelegate.swift */ = {isa = PBXFileReference; lastKnownFileType = sourcecode.swift; path = AppDelegate.swift; sourceTree = "<group>"; };
		A3FD29541CF1995400554BCD /* ViewController.swift */ = {isa = PBXFileReference; lastKnownFileType = sourcecode.swift; path = ViewController.swift; sourceTree = "<group>"; };
		A3FD29571CF1995400554BCD /* Base */ = {isa = PBXFileReference; lastKnownFileType = file.storyboard; name = Base; path = Base.lproj/Main.storyboard; sourceTree = "<group>"; };
		A3FD29591CF1995400554BCD /* Assets.xcassets */ = {isa = PBXFileReference; lastKnownFileType = folder.assetcatalog; path = Assets.xcassets; sourceTree = "<group>"; };
		A3FD295C1CF1995400554BCD /* Base */ = {isa = PBXFileReference; lastKnownFileType = file.storyboard; name = Base; path = Base.lproj/LaunchScreen.storyboard; sourceTree = "<group>"; };
		A3FD295E1CF1995400554BCD /* Info.plist */ = {isa = PBXFileReference; lastKnownFileType = text.plist.xml; path = Info.plist; sourceTree = "<group>"; };
		A3FD29631CF1995400554BCD /* MinxReviewTests.xctest */ = {isa = PBXFileReference; explicitFileType = wrapper.cfbundle; includeInIndex = 0; path = MinxReviewTests.xctest; sourceTree = BUILT_PRODUCTS_DIR; };
		A3FD29671CF1995400554BCD /* MinxReviewTests.swift */ = {isa = PBXFileReference; lastKnownFileType = sourcecode.swift; path = MinxReviewTests.swift; sourceTree = "<group>"; };
		A3FD29691CF1995400554BCD /* Info.plist */ = {isa = PBXFileReference; lastKnownFileType = text.plist.xml; path = Info.plist; sourceTree = "<group>"; };
		A3FD296E1CF1995500554BCD /* MinxReviewUITests.xctest */ = {isa = PBXFileReference; explicitFileType = wrapper.cfbundle; includeInIndex = 0; path = MinxReviewUITests.xctest; sourceTree = BUILT_PRODUCTS_DIR; };
		A3FD29721CF1995500554BCD /* MinxReviewUITests.swift */ = {isa = PBXFileReference; lastKnownFileType = sourcecode.swift; path = MinxReviewUITests.swift; sourceTree = "<group>"; };
		A3FD29741CF1995500554BCD /* Info.plist */ = {isa = PBXFileReference; lastKnownFileType = text.plist.xml; path = Info.plist; sourceTree = "<group>"; };
		A3FD29831CF19D4F00554BCD /* HomeViewController.swift */ = {isa = PBXFileReference; fileEncoding = 4; lastKnownFileType = sourcecode.swift; path = HomeViewController.swift; sourceTree = "<group>"; };
		A3FD29841CF19D4F00554BCD /* LogoutViewController.swift */ = {isa = PBXFileReference; fileEncoding = 4; lastKnownFileType = sourcecode.swift; path = LogoutViewController.swift; sourceTree = "<group>"; };
		A3FD29861CF19D4F00554BCD /* SearchViewController.swift */ = {isa = PBXFileReference; fileEncoding = 4; lastKnownFileType = sourcecode.swift; path = SearchViewController.swift; sourceTree = "<group>"; };
		A3FD29871CF19D4F00554BCD /* ShoesReviewViewController.swift */ = {isa = PBXFileReference; fileEncoding = 4; lastKnownFileType = sourcecode.swift; path = ShoesReviewViewController.swift; sourceTree = "<group>"; };
		A3FD29891CF19D4F00554BCD /* ChangePasswordViewController.swift */ = {isa = PBXFileReference; fileEncoding = 4; lastKnownFileType = sourcecode.swift; path = ChangePasswordViewController.swift; sourceTree = "<group>"; };
		A3FD298A1CF19D4F00554BCD /* LoginViewController.swift */ = {isa = PBXFileReference; fileEncoding = 4; lastKnownFileType = sourcecode.swift; path = LoginViewController.swift; sourceTree = "<group>"; };
		A3FD298B1CF19D4F00554BCD /* RegisterViewController.swift */ = {isa = PBXFileReference; fileEncoding = 4; lastKnownFileType = sourcecode.swift; path = RegisterViewController.swift; sourceTree = "<group>"; };
		BD705E57D487B5DF75B56D42 /* Pods_MinxReviewTests.framework */ = {isa = PBXFileReference; explicitFileType = wrapper.framework; includeInIndex = 0; path = Pods_MinxReviewTests.framework; sourceTree = BUILT_PRODUCTS_DIR; };
		C552894598DD1368BF0687A7 /* Pods-MinxReview.debug.xcconfig */ = {isa = PBXFileReference; includeInIndex = 1; lastKnownFileType = text.xcconfig; name = "Pods-MinxReview.debug.xcconfig"; path = "Pods/Target Support Files/Pods-MinxReview/Pods-MinxReview.debug.xcconfig"; sourceTree = "<group>"; };
		E481180EFF94256BEF80E37F /* Pods-MinxReviewUITests.release.xcconfig */ = {isa = PBXFileReference; includeInIndex = 1; lastKnownFileType = text.xcconfig; name = "Pods-MinxReviewUITests.release.xcconfig"; path = "Pods/Target Support Files/Pods-MinxReviewUITests/Pods-MinxReviewUITests.release.xcconfig"; sourceTree = "<group>"; };
/* End PBXFileReference section */

/* Begin PBXFrameworksBuildPhase section */
		A3FD294C1CF1995400554BCD /* Frameworks */ = {
			isa = PBXFrameworksBuildPhase;
			buildActionMask = 2147483647;
			files = (
				A308C6751CF1BBDD00D46FF9 /* MobileCoreServices.framework in Frameworks */,
				A38FFE581CF1CCA000998911 /* Kumulos_ARMv7-Combined.a in Frameworks */,
				A308C6731CF1BBD500D46FF9 /* SystemConfiguration.framework in Frameworks */,
				5D666E17E0B771E037DF17FB /* Pods_MinxReview.framework in Frameworks */,
			);
			runOnlyForDeploymentPostprocessing = 0;
		};
		A3FD29601CF1995400554BCD /* Frameworks */ = {
			isa = PBXFrameworksBuildPhase;
			buildActionMask = 2147483647;
			files = (
				234033CE679AE6B338FD0AAE /* Pods_MinxReviewTests.framework in Frameworks */,
			);
			runOnlyForDeploymentPostprocessing = 0;
		};
		A3FD296B1CF1995500554BCD /* Frameworks */ = {
			isa = PBXFrameworksBuildPhase;
			buildActionMask = 2147483647;
			files = (
				52D75BA8DBFFCB308A8BD52E /* Pods_MinxReviewUITests.framework in Frameworks */,
			);
			runOnlyForDeploymentPostprocessing = 0;
		};
/* End PBXFrameworksBuildPhase section */

/* Begin PBXGroup section */
		0B8B184FB8090E7C8A62AFE5 /* Frameworks */ = {
			isa = PBXGroup;
			children = (
				A308C6741CF1BBDD00D46FF9 /* MobileCoreServices.framework */,
				A308C6721CF1BBD500D46FF9 /* SystemConfiguration.framework */,
				0871AC222D6428BB91F6D083 /* Pods_MinxReview.framework */,
				BD705E57D487B5DF75B56D42 /* Pods_MinxReviewTests.framework */,
				77DEE923E6C8A09E985B8476 /* Pods_MinxReviewUITests.framework */,
			);
			name = Frameworks;
			sourceTree = "<group>";
		};
		9FBD844CCEE862CBF529F9E2 /* Pods */ = {
			isa = PBXGroup;
			children = (
				C552894598DD1368BF0687A7 /* Pods-MinxReview.debug.xcconfig */,
				01F7DE17F9053CC5D33D6751 /* Pods-MinxReview.release.xcconfig */,
				4AD0DC0DA7FD56B359BCF59E /* Pods-MinxReviewTests.debug.xcconfig */,
				26F4EB4831FBBD98465BEA8A /* Pods-MinxReviewTests.release.xcconfig */,
				494045438A648B58E91F11E1 /* Pods-MinxReviewUITests.debug.xcconfig */,
				E481180EFF94256BEF80E37F /* Pods-MinxReviewUITests.release.xcconfig */,
			);
			name = Pods;
			sourceTree = "<group>";
		};
		A38FFE521CF1CC9200998911 /* KumulosAPI */ = {
			isa = PBXGroup;
			children = (
				A38FFE541CF1CCA000998911 /* Kumulos_ARMv7-Combined.a */,
				A38FFE551CF1CCA000998911 /* Kumulos.h */,
				A38FFE561CF1CCA000998911 /* Kumulos.m */,
				A38FFE571CF1CCA000998911 /* libKumulos.h */,
				A38FFE531CF1CC9F00998911 /* MinxReview-Bridging-Header.h */,
			);
			path = KumulosAPI;
			sourceTree = "<group>";
		};
		A3FD29461CF1995400554BCD = {
			isa = PBXGroup;
			children = (
				A38FFE521CF1CC9200998911 /* KumulosAPI */,
				A3FD29511CF1995400554BCD /* MinxReview */,
				A3FD29661CF1995400554BCD /* MinxReviewTests */,
				A3FD29711CF1995500554BCD /* MinxReviewUITests */,
				A3FD29501CF1995400554BCD /* Products */,
				9FBD844CCEE862CBF529F9E2 /* Pods */,
				0B8B184FB8090E7C8A62AFE5 /* Frameworks */,
			);
			sourceTree = "<group>";
		};
		A3FD29501CF1995400554BCD /* Products */ = {
			isa = PBXGroup;
			children = (
				A3FD294F1CF1995400554BCD /* MinxReview.app */,
				A3FD29631CF1995400554BCD /* MinxReviewTests.xctest */,
				A3FD296E1CF1995500554BCD /* MinxReviewUITests.xctest */,
			);
			name = Products;
			sourceTree = "<group>";
		};
		A3FD29511CF1995400554BCD /* MinxReview */ = {
			isa = PBXGroup;
			children = (
				A3FD29821CF19D4F00554BCD /* TabBarController */,
				A3FD29881CF19D4F00554BCD /* ViewControllers */,
				A3FD29521CF1995400554BCD /* AppDelegate.swift */,
				A3FD29541CF1995400554BCD /* ViewController.swift */,
				A3FD29561CF1995400554BCD /* Main.storyboard */,
				A3FD29591CF1995400554BCD /* Assets.xcassets */,
				A3FD295B1CF1995400554BCD /* LaunchScreen.storyboard */,
				A3FD295E1CF1995400554BCD /* Info.plist */,
			);
			path = MinxReview;
			sourceTree = "<group>";
		};
		A3FD29661CF1995400554BCD /* MinxReviewTests */ = {
			isa = PBXGroup;
			children = (
				A3FD29671CF1995400554BCD /* MinxReviewTests.swift */,
				A3FD29691CF1995400554BCD /* Info.plist */,
			);
			path = MinxReviewTests;
			sourceTree = "<group>";
		};
		A3FD29711CF1995500554BCD /* MinxReviewUITests */ = {
			isa = PBXGroup;
			children = (
				A3FD29721CF1995500554BCD /* MinxReviewUITests.swift */,
				A3FD29741CF1995500554BCD /* Info.plist */,
			);
			path = MinxReviewUITests;
			sourceTree = "<group>";
		};
		A3FD29821CF19D4F00554BCD /* TabBarController */ = {
			isa = PBXGroup;
			children = (
				A3FD29831CF19D4F00554BCD /* HomeViewController.swift */,
				A3FD29841CF19D4F00554BCD /* LogoutViewController.swift */,
				A3FD29861CF19D4F00554BCD /* SearchViewController.swift */,
				A3FD29871CF19D4F00554BCD /* ShoesReviewViewController.swift */,
			);
			path = TabBarController;
			sourceTree = "<group>";
		};
		A3FD29881CF19D4F00554BCD /* ViewControllers */ = {
			isa = PBXGroup;
			children = (
				A3FD29891CF19D4F00554BCD /* ChangePasswordViewController.swift */,
				A3FD298A1CF19D4F00554BCD /* LoginViewController.swift */,
				A3FD298B1CF19D4F00554BCD /* RegisterViewController.swift */,
			);
			path = ViewControllers;
			sourceTree = "<group>";
		};
/* End PBXGroup section */

/* Begin PBXNativeTarget section */
		A3FD294E1CF1995400554BCD /* MinxReview */ = {
			isa = PBXNativeTarget;
			buildConfigurationList = A3FD29771CF1995500554BCD /* Build configuration list for PBXNativeTarget "MinxReview" */;
			buildPhases = (
				97484EA4F5ED86D32B5E676E /* 📦 Check Pods Manifest.lock */,
				A3FD294B1CF1995400554BCD /* Sources */,
				A3FD294C1CF1995400554BCD /* Frameworks */,
				A3FD294D1CF1995400554BCD /* Resources */,
				FFA2DF75C058B9E1E7802C4A /* 📦 Embed Pods Frameworks */,
				7DAA55A7D0249FF1246812C8 /* 📦 Copy Pods Resources */,
			);
			buildRules = (
			);
			dependencies = (
			);
			name = MinxReview;
			productName = MinxReview;
			productReference = A3FD294F1CF1995400554BCD /* MinxReview.app */;
			productType = "com.apple.product-type.application";
		};
		A3FD29621CF1995400554BCD /* MinxReviewTests */ = {
			isa = PBXNativeTarget;
			buildConfigurationList = A3FD297A1CF1995500554BCD /* Build configuration list for PBXNativeTarget "MinxReviewTests" */;
			buildPhases = (
				39B55CED181551334C09D1FC /* 📦 Check Pods Manifest.lock */,
				A3FD295F1CF1995400554BCD /* Sources */,
				A3FD29601CF1995400554BCD /* Frameworks */,
				A3FD29611CF1995400554BCD /* Resources */,
				8E54A314A9DC5C723F91F84D /* 📦 Embed Pods Frameworks */,
				66A6B4F46EC7719C9C219D1A /* 📦 Copy Pods Resources */,
			);
			buildRules = (
			);
			dependencies = (
				A3FD29651CF1995400554BCD /* PBXTargetDependency */,
			);
			name = MinxReviewTests;
			productName = MinxReviewTests;
			productReference = A3FD29631CF1995400554BCD /* MinxReviewTests.xctest */;
			productType = "com.apple.product-type.bundle.unit-test";
		};
		A3FD296D1CF1995500554BCD /* MinxReviewUITests */ = {
			isa = PBXNativeTarget;
			buildConfigurationList = A3FD297D1CF1995500554BCD /* Build configuration list for PBXNativeTarget "MinxReviewUITests" */;
			buildPhases = (
				766FA79947FCE49989464D5F /* 📦 Check Pods Manifest.lock */,
				A3FD296A1CF1995500554BCD /* Sources */,
				A3FD296B1CF1995500554BCD /* Frameworks */,
				A3FD296C1CF1995500554BCD /* Resources */,
				A6D7CC2DCE8F15992E41CA7E /* 📦 Copy Pods Resources */,
			);
			buildRules = (
			);
			dependencies = (
				A3FD29701CF1995500554BCD /* PBXTargetDependency */,
			);
			name = MinxReviewUITests;
			productName = MinxReviewUITests;
			productReference = A3FD296E1CF1995500554BCD /* MinxReviewUITests.xctest */;
			productType = "com.apple.product-type.bundle.ui-testing";
		};
/* End PBXNativeTarget section */

/* Begin PBXProject section */
		A3FD29471CF1995400554BCD /* Project object */ = {
			isa = PBXProject;
			attributes = {
				LastSwiftUpdateCheck = 0730;
				LastUpgradeCheck = 0730;
				ORGANIZATIONNAME = FolkSonG;
				TargetAttributes = {
					A3FD294E1CF1995400554BCD = {
						CreatedOnToolsVersion = 7.3.1;
					};
					A3FD29621CF1995400554BCD = {
						CreatedOnToolsVersion = 7.3.1;
						TestTargetID = A3FD294E1CF1995400554BCD;
					};
					A3FD296D1CF1995500554BCD = {
						CreatedOnToolsVersion = 7.3.1;
						TestTargetID = A3FD294E1CF1995400554BCD;
					};
				};
			};
			buildConfigurationList = A3FD294A1CF1995400554BCD /* Build configuration list for PBXProject "MinxReview" */;
			compatibilityVersion = "Xcode 3.2";
			developmentRegion = English;
			hasScannedForEncodings = 0;
			knownRegions = (
				en,
				Base,
			);
			mainGroup = A3FD29461CF1995400554BCD;
			productRefGroup = A3FD29501CF1995400554BCD /* Products */;
			projectDirPath = "";
			projectRoot = "";
			targets = (
				A3FD294E1CF1995400554BCD /* MinxReview */,
				A3FD29621CF1995400554BCD /* MinxReviewTests */,
				A3FD296D1CF1995500554BCD /* MinxReviewUITests */,
			);
		};
/* End PBXProject section */

/* Begin PBXResourcesBuildPhase section */
		A3FD294D1CF1995400554BCD /* Resources */ = {
			isa = PBXResourcesBuildPhase;
			buildActionMask = 2147483647;
			files = (
				A3FD295D1CF1995400554BCD /* LaunchScreen.storyboard in Resources */,
				A3FD295A1CF1995400554BCD /* Assets.xcassets in Resources */,
				A3FD29581CF1995400554BCD /* Main.storyboard in Resources */,
			);
			runOnlyForDeploymentPostprocessing = 0;
		};
		A3FD29611CF1995400554BCD /* Resources */ = {
			isa = PBXResourcesBuildPhase;
			buildActionMask = 2147483647;
			files = (
			);
			runOnlyForDeploymentPostprocessing = 0;
		};
		A3FD296C1CF1995500554BCD /* Resources */ = {
			isa = PBXResourcesBuildPhase;
			buildActionMask = 2147483647;
			files = (
			);
			runOnlyForDeploymentPostprocessing = 0;
		};
/* End PBXResourcesBuildPhase section */

/* Begin PBXShellScriptBuildPhase section */
		39B55CED181551334C09D1FC /* 📦 Check Pods Manifest.lock */ = {
			isa = PBXShellScriptBuildPhase;
			buildActionMask = 2147483647;
			files = (
			);
			inputPaths = (
			);
			name = "📦 Check Pods Manifest.lock";
			outputPaths = (
			);
			runOnlyForDeploymentPostprocessing = 0;
			shellPath = /bin/sh;
			shellScript = "diff \"${PODS_ROOT}/../Podfile.lock\" \"${PODS_ROOT}/Manifest.lock\" > /dev/null\nif [[ $? != 0 ]] ; then\n    cat << EOM\nerror: The sandbox is not in sync with the Podfile.lock. Run 'pod install' or update your CocoaPods installation.\nEOM\n    exit 1\nfi\n";
			showEnvVarsInLog = 0;
		};
		66A6B4F46EC7719C9C219D1A /* 📦 Copy Pods Resources */ = {
			isa = PBXShellScriptBuildPhase;
			buildActionMask = 2147483647;
			files = (
			);
			inputPaths = (
			);
			name = "📦 Copy Pods Resources";
			outputPaths = (
			);
			runOnlyForDeploymentPostprocessing = 0;
			shellPath = /bin/sh;
			shellScript = "\"${SRCROOT}/Pods/Target Support Files/Pods-MinxReviewTests/Pods-MinxReviewTests-resources.sh\"\n";
			showEnvVarsInLog = 0;
		};
		766FA79947FCE49989464D5F /* 📦 Check Pods Manifest.lock */ = {
			isa = PBXShellScriptBuildPhase;
			buildActionMask = 2147483647;
			files = (
			);
			inputPaths = (
			);
			name = "📦 Check Pods Manifest.lock";
			outputPaths = (
			);
			runOnlyForDeploymentPostprocessing = 0;
			shellPath = /bin/sh;
			shellScript = "diff \"${PODS_ROOT}/../Podfile.lock\" \"${PODS_ROOT}/Manifest.lock\" > /dev/null\nif [[ $? != 0 ]] ; then\n    cat << EOM\nerror: The sandbox is not in sync with the Podfile.lock. Run 'pod install' or update your CocoaPods installation.\nEOM\n    exit 1\nfi\n";
			showEnvVarsInLog = 0;
		};
		7DAA55A7D0249FF1246812C8 /* 📦 Copy Pods Resources */ = {
			isa = PBXShellScriptBuildPhase;
			buildActionMask = 2147483647;
			files = (
			);
			inputPaths = (
			);
			name = "📦 Copy Pods Resources";
			outputPaths = (
			);
			runOnlyForDeploymentPostprocessing = 0;
			shellPath = /bin/sh;
			shellScript = "\"${SRCROOT}/Pods/Target Support Files/Pods-MinxReview/Pods-MinxReview-resources.sh\"\n";
			showEnvVarsInLog = 0;
		};
		8E54A314A9DC5C723F91F84D /* 📦 Embed Pods Frameworks */ = {
			isa = PBXShellScriptBuildPhase;
			buildActionMask = 2147483647;
			files = (
			);
			inputPaths = (
			);
			name = "📦 Embed Pods Frameworks";
			outputPaths = (
			);
			runOnlyForDeploymentPostprocessing = 0;
			shellPath = /bin/sh;
			shellScript = "\"${SRCROOT}/Pods/Target Support Files/Pods-MinxReviewTests/Pods-MinxReviewTests-frameworks.sh\"\n";
			showEnvVarsInLog = 0;
		};
		97484EA4F5ED86D32B5E676E /* 📦 Check Pods Manifest.lock */ = {
			isa = PBXShellScriptBuildPhase;
			buildActionMask = 2147483647;
			files = (
			);
			inputPaths = (
			);
			name = "📦 Check Pods Manifest.lock";
			outputPaths = (
			);
			runOnlyForDeploymentPostprocessing = 0;
			shellPath = /bin/sh;
			shellScript = "diff \"${PODS_ROOT}/../Podfile.lock\" \"${PODS_ROOT}/Manifest.lock\" > /dev/null\nif [[ $? != 0 ]] ; then\n    cat << EOM\nerror: The sandbox is not in sync with the Podfile.lock. Run 'pod install' or update your CocoaPods installation.\nEOM\n    exit 1\nfi\n";
			showEnvVarsInLog = 0;
		};
		A6D7CC2DCE8F15992E41CA7E /* 📦 Copy Pods Resources */ = {
			isa = PBXShellScriptBuildPhase;
			buildActionMask = 2147483647;
			files = (
			);
			inputPaths = (
			);
			name = "📦 Copy Pods Resources";
			outputPaths = (
			);
			runOnlyForDeploymentPostprocessing = 0;
			shellPath = /bin/sh;
			shellScript = "\"${SRCROOT}/Pods/Target Support Files/Pods-MinxReviewUITests/Pods-MinxReviewUITests-resources.sh\"\n";
			showEnvVarsInLog = 0;
		};
		FFA2DF75C058B9E1E7802C4A /* 📦 Embed Pods Frameworks */ = {
			isa = PBXShellScriptBuildPhase;
			buildActionMask = 12;
			files = (
			);
			inputPaths = (
			);
			name = "📦 Embed Pods Frameworks";
			outputPaths = (
			);
			runOnlyForDeploymentPostprocessing = 0;
			shellPath = /bin/sh;
			shellScript = "\"${SRCROOT}/Pods/Target Support Files/Pods-MinxReview/Pods-MinxReview-frameworks.sh\"\n";
			showEnvVarsInLog = 0;
		};
/* End PBXShellScriptBuildPhase section */

/* Begin PBXSourcesBuildPhase section */
		A3FD294B1CF1995400554BCD /* Sources */ = {
			isa = PBXSourcesBuildPhase;
			buildActionMask = 2147483647;
			files = (
				A38FFE591CF1CCA000998911 /* Kumulos.m in Sources */,
				A3FD29921CF19D4F00554BCD /* LoginViewController.swift in Sources */,
				A3FD29931CF19D4F00554BCD /* RegisterViewController.swift in Sources */,
				A3FD298F1CF19D4F00554BCD /* SearchViewController.swift in Sources */,
				A3FD29911CF19D4F00554BCD /* ChangePasswordViewController.swift in Sources */,
				A3FD29551CF1995400554BCD /* ViewController.swift in Sources */,
				A3FD29531CF1995400554BCD /* AppDelegate.swift in Sources */,
				A3FD298D1CF19D4F00554BCD /* LogoutViewController.swift in Sources */,
				A3FD298C1CF19D4F00554BCD /* HomeViewController.swift in Sources */,
				A3FD29901CF19D4F00554BCD /* ShoesReviewViewController.swift in Sources */,
			);
			runOnlyForDeploymentPostprocessing = 0;
		};
		A3FD295F1CF1995400554BCD /* Sources */ = {
			isa = PBXSourcesBuildPhase;
			buildActionMask = 2147483647;
			files = (
				A3FD29681CF1995400554BCD /* MinxReviewTests.swift in Sources */,
			);
			runOnlyForDeploymentPostprocessing = 0;
		};
		A3FD296A1CF1995500554BCD /* Sources */ = {
			isa = PBXSourcesBuildPhase;
			buildActionMask = 2147483647;
			files = (
				A3FD29731CF1995500554BCD /* MinxReviewUITests.swift in Sources */,
			);
			runOnlyForDeploymentPostprocessing = 0;
		};
/* End PBXSourcesBuildPhase section */

/* Begin PBXTargetDependency section */
		A3FD29651CF1995400554BCD /* PBXTargetDependency */ = {
			isa = PBXTargetDependency;
			target = A3FD294E1CF1995400554BCD /* MinxReview */;
			targetProxy = A3FD29641CF1995400554BCD /* PBXContainerItemProxy */;
		};
		A3FD29701CF1995500554BCD /* PBXTargetDependency */ = {
			isa = PBXTargetDependency;
			target = A3FD294E1CF1995400554BCD /* MinxReview */;
			targetProxy = A3FD296F1CF1995500554BCD /* PBXContainerItemProxy */;
		};
/* End PBXTargetDependency section */

/* Begin PBXVariantGroup section */
		A3FD29561CF1995400554BCD /* Main.storyboard */ = {
			isa = PBXVariantGroup;
			children = (
				A3FD29571CF1995400554BCD /* Base */,
			);
			name = Main.storyboard;
			sourceTree = "<group>";
		};
		A3FD295B1CF1995400554BCD /* LaunchScreen.storyboard */ = {
			isa = PBXVariantGroup;
			children = (
				A3FD295C1CF1995400554BCD /* Base */,
			);
			name = LaunchScreen.storyboard;
			sourceTree = "<group>";
		};
/* End PBXVariantGroup section */

/* Begin XCBuildConfiguration section */
		A3FD29751CF1995500554BCD /* Debug */ = {
			isa = XCBuildConfiguration;
			buildSettings = {
				ALWAYS_SEARCH_USER_PATHS = NO;
				CLANG_ANALYZER_NONNULL = YES;
				CLANG_CXX_LANGUAGE_STANDARD = "gnu++0x";
				CLANG_CXX_LIBRARY = "libc++";
				CLANG_ENABLE_MODULES = YES;
				CLANG_ENABLE_OBJC_ARC = YES;
				CLANG_WARN_BOOL_CONVERSION = YES;
				CLANG_WARN_CONSTANT_CONVERSION = YES;
				CLANG_WARN_DIRECT_OBJC_ISA_USAGE = YES_ERROR;
				CLANG_WARN_EMPTY_BODY = YES;
				CLANG_WARN_ENUM_CONVERSION = YES;
				CLANG_WARN_INT_CONVERSION = YES;
				CLANG_WARN_OBJC_ROOT_CLASS = YES_ERROR;
				CLANG_WARN_UNREACHABLE_CODE = YES;
				CLANG_WARN__DUPLICATE_METHOD_MATCH = YES;
				"CODE_SIGN_IDENTITY[sdk=iphoneos*]" = "iPhone Developer";
				COPY_PHASE_STRIP = NO;
				DEBUG_INFORMATION_FORMAT = dwarf;
				ENABLE_STRICT_OBJC_MSGSEND = YES;
				ENABLE_TESTABILITY = YES;
				GCC_C_LANGUAGE_STANDARD = gnu99;
				GCC_DYNAMIC_NO_PIC = NO;
				GCC_NO_COMMON_BLOCKS = YES;
				GCC_OPTIMIZATION_LEVEL = 0;
				GCC_PREPROCESSOR_DEFINITIONS = (
					"DEBUG=1",
					"$(inherited)",
				);
				GCC_WARN_64_TO_32_BIT_CONVERSION = YES;
				GCC_WARN_ABOUT_RETURN_TYPE = YES_ERROR;
				GCC_WARN_UNDECLARED_SELECTOR = YES;
				GCC_WARN_UNINITIALIZED_AUTOS = YES_AGGRESSIVE;
				GCC_WARN_UNUSED_FUNCTION = YES;
				GCC_WARN_UNUSED_VARIABLE = YES;
				IPHONEOS_DEPLOYMENT_TARGET = 9.3;
				MTL_ENABLE_DEBUG_INFO = YES;
				ONLY_ACTIVE_ARCH = YES;
				SDKROOT = iphoneos;
				SWIFT_OPTIMIZATION_LEVEL = "-Onone";
				TARGETED_DEVICE_FAMILY = "1,2";
			};
			name = Debug;
		};
		A3FD29761CF1995500554BCD /* Release */ = {
			isa = XCBuildConfiguration;
			buildSettings = {
				ALWAYS_SEARCH_USER_PATHS = NO;
				CLANG_ANALYZER_NONNULL = YES;
				CLANG_CXX_LANGUAGE_STANDARD = "gnu++0x";
				CLANG_CXX_LIBRARY = "libc++";
				CLANG_ENABLE_MODULES = YES;
				CLANG_ENABLE_OBJC_ARC = YES;
				CLANG_WARN_BOOL_CONVERSION = YES;
				CLANG_WARN_CONSTANT_CONVERSION = YES;
				CLANG_WARN_DIRECT_OBJC_ISA_USAGE = YES_ERROR;
				CLANG_WARN_EMPTY_BODY = YES;
				CLANG_WARN_ENUM_CONVERSION = YES;
				CLANG_WARN_INT_CONVERSION = YES;
				CLANG_WARN_OBJC_ROOT_CLASS = YES_ERROR;
				CLANG_WARN_UNREACHABLE_CODE = YES;
				CLANG_WARN__DUPLICATE_METHOD_MATCH = YES;
				"CODE_SIGN_IDENTITY[sdk=iphoneos*]" = "iPhone Developer";
				COPY_PHASE_STRIP = NO;
				DEBUG_INFORMATION_FORMAT = "dwarf-with-dsym";
				ENABLE_NS_ASSERTIONS = NO;
				ENABLE_STRICT_OBJC_MSGSEND = YES;
				GCC_C_LANGUAGE_STANDARD = gnu99;
				GCC_NO_COMMON_BLOCKS = YES;
				GCC_WARN_64_TO_32_BIT_CONVERSION = YES;
				GCC_WARN_ABOUT_RETURN_TYPE = YES_ERROR;
				GCC_WARN_UNDECLARED_SELECTOR = YES;
				GCC_WARN_UNINITIALIZED_AUTOS = YES_AGGRESSIVE;
				GCC_WARN_UNUSED_FUNCTION = YES;
				GCC_WARN_UNUSED_VARIABLE = YES;
				IPHONEOS_DEPLOYMENT_TARGET = 9.3;
				MTL_ENABLE_DEBUG_INFO = NO;
				SDKROOT = iphoneos;
				TARGETED_DEVICE_FAMILY = "1,2";
				VALIDATE_PRODUCT = YES;
			};
			name = Release;
		};
		A3FD29781CF1995500554BCD /* Debug */ = {
			isa = XCBuildConfiguration;
			baseConfigurationReference = C552894598DD1368BF0687A7 /* Pods-MinxReview.debug.xcconfig */;
			buildSettings = {
				ASSETCATALOG_COMPILER_APPICON_NAME = AppIcon;
				CLANG_ENABLE_MODULES = YES;
				INFOPLIST_FILE = MinxReview/Info.plist;
				LD_RUNPATH_SEARCH_PATHS = "$(inherited) @executable_path/Frameworks";
				LIBRARY_SEARCH_PATHS = (
					"$(inherited)",
					"$(PROJECT_DIR)/KumulosAPI",
				);
				PRODUCT_BUNDLE_IDENTIFIER = com.FolkSonG.MinxReview;
				PRODUCT_NAME = "$(TARGET_NAME)";
				SWIFT_OBJC_BRIDGING_HEADER = "KumulosAPI/MinxReview-Bridging-Header.h";
				SWIFT_OPTIMIZATION_LEVEL = "-Onone";
			};
			name = Debug;
		};
		A3FD29791CF1995500554BCD /* Release */ = {
			isa = XCBuildConfiguration;
			baseConfigurationReference = 01F7DE17F9053CC5D33D6751 /* Pods-MinxReview.release.xcconfig */;
			buildSettings = {
				ASSETCATALOG_COMPILER_APPICON_NAME = AppIcon;
				CLANG_ENABLE_MODULES = YES;
				INFOPLIST_FILE = MinxReview/Info.plist;
				LD_RUNPATH_SEARCH_PATHS = "$(inherited) @executable_path/Frameworks";
				LIBRARY_SEARCH_PATHS = (
					"$(inherited)",
					"$(PROJECT_DIR)/KumulosAPI",
				);
				PRODUCT_BUNDLE_IDENTIFIER = com.FolkSonG.MinxReview;
				PRODUCT_NAME = "$(TARGET_NAME)";
				SWIFT_OBJC_BRIDGING_HEADER = "KumulosAPI/MinxReview-Bridging-Header.h";
			};
			name = Release;
		};
		A3FD297B1CF1995500554BCD /* Debug */ = {
			isa = XCBuildConfiguration;
			baseConfigurationReference = 4AD0DC0DA7FD56B359BCF59E /* Pods-MinxReviewTests.debug.xcconfig */;
			buildSettings = {
				BUNDLE_LOADER = "$(TEST_HOST)";
				INFOPLIST_FILE = MinxReviewTests/Info.plist;
				LD_RUNPATH_SEARCH_PATHS = "$(inherited) @executable_path/Frameworks @loader_path/Frameworks";
				PRODUCT_BUNDLE_IDENTIFIER = com.FolkSonG.MinxReviewTests;
				PRODUCT_NAME = "$(TARGET_NAME)";
				TEST_HOST = "$(BUILT_PRODUCTS_DIR)/MinxReview.app/MinxReview";
			};
			name = Debug;
		};
		A3FD297C1CF1995500554BCD /* Release */ = {
			isa = XCBuildConfiguration;
			baseConfigurationReference = 26F4EB4831FBBD98465BEA8A /* Pods-MinxReviewTests.release.xcconfig */;
			buildSettings = {
				BUNDLE_LOADER = "$(TEST_HOST)";
				INFOPLIST_FILE = MinxReviewTests/Info.plist;
				LD_RUNPATH_SEARCH_PATHS = "$(inherited) @executable_path/Frameworks @loader_path/Frameworks";
				PRODUCT_BUNDLE_IDENTIFIER = com.FolkSonG.MinxReviewTests;
				PRODUCT_NAME = "$(TARGET_NAME)";
				TEST_HOST = "$(BUILT_PRODUCTS_DIR)/MinxReview.app/MinxReview";
			};
			name = Release;
		};
		A3FD297E1CF1995500554BCD /* Debug */ = {
			isa = XCBuildConfiguration;
			baseConfigurationReference = 494045438A648B58E91F11E1 /* Pods-MinxReviewUITests.debug.xcconfig */;
			buildSettings = {
				INFOPLIST_FILE = MinxReviewUITests/Info.plist;
				LD_RUNPATH_SEARCH_PATHS = "$(inherited) @executable_path/Frameworks @loader_path/Frameworks";
				PRODUCT_BUNDLE_IDENTIFIER = com.FolkSonG.MinxReviewUITests;
				PRODUCT_NAME = "$(TARGET_NAME)";
				TEST_TARGET_NAME = MinxReview;
			};
			name = Debug;
		};
		A3FD297F1CF1995500554BCD /* Release */ = {
			isa = XCBuildConfiguration;
			baseConfigurationReference = E481180EFF94256BEF80E37F /* Pods-MinxReviewUITests.release.xcconfig */;
			buildSettings = {
				INFOPLIST_FILE = MinxReviewUITests/Info.plist;
				LD_RUNPATH_SEARCH_PATHS = "$(inherited) @executable_path/Frameworks @loader_path/Frameworks";
				PRODUCT_BUNDLE_IDENTIFIER = com.FolkSonG.MinxReviewUITests;
				PRODUCT_NAME = "$(TARGET_NAME)";
				TEST_TARGET_NAME = MinxReview;
			};
			name = Release;
		};
/* End XCBuildConfiguration section */

/* Begin XCConfigurationList section */
		A3FD294A1CF1995400554BCD /* Build configuration list for PBXProject "MinxReview" */ = {
			isa = XCConfigurationList;
			buildConfigurations = (
				A3FD29751CF1995500554BCD /* Debug */,
				A3FD29761CF1995500554BCD /* Release */,
			);
			defaultConfigurationIsVisible = 0;
			defaultConfigurationName = Release;
		};
		A3FD29771CF1995500554BCD /* Build configuration list for PBXNativeTarget "MinxReview" */ = {
			isa = XCConfigurationList;
			buildConfigurations = (
				A3FD29781CF1995500554BCD /* Debug */,
				A3FD29791CF1995500554BCD /* Release */,
			);
			defaultConfigurationIsVisible = 0;
			defaultConfigurationName = Release;
		};
		A3FD297A1CF1995500554BCD /* Build configuration list for PBXNativeTarget "MinxReviewTests" */ = {
			isa = XCConfigurationList;
			buildConfigurations = (
				A3FD297B1CF1995500554BCD /* Debug */,
				A3FD297C1CF1995500554BCD /* Release */,
			);
			defaultConfigurationIsVisible = 0;
			defaultConfigurationName = Release;
		};
		A3FD297D1CF1995500554BCD /* Build configuration list for PBXNativeTarget "MinxReviewUITests" */ = {
			isa = XCConfigurationList;
			buildConfigurations = (
				A3FD297E1CF1995500554BCD /* Debug */,
				A3FD297F1CF1995500554BCD /* Release */,
			);
			defaultConfigurationIsVisible = 0;
			defaultConfigurationName = Release;
		};
/* End XCConfigurationList section */
	};
	rootObject = A3FD29471CF1995400554BCD /* Project object */;
}
